// !$*UTF8*$!
{
	archiveVersion = 1;
	classes = {
	};
	objectVersion = 56;
	objects = {

/* Begin PBXBuildFile section */
		AB3C8F262AD0BBCD0057924D /* UnlockedStampView.swift in Sources */ = {isa = PBXBuildFile; fileRef = AB3C8F252AD0BBCD0057924D /* UnlockedStampView.swift */; };
		AB3C8F282AD0F1F30057924D /* UnlockedStampViewController.swift in Sources */ = {isa = PBXBuildFile; fileRef = AB3C8F272AD0F1F30057924D /* UnlockedStampViewController.swift */; };
		AB3C8F2C2AD1CC750057924D /* MenuAnimations.swift in Sources */ = {isa = PBXBuildFile; fileRef = AB3C8F2B2AD1CC750057924D /* MenuAnimations.swift */; };
		AB3C8F2E2AD1CC970057924D /* HistoryAnimations.swift in Sources */ = {isa = PBXBuildFile; fileRef = AB3C8F2D2AD1CC970057924D /* HistoryAnimations.swift */; };
		AB3C8F332AE0170A0057924D /* CheckEffect.mp3 in Resources */ = {isa = PBXBuildFile; fileRef = AB3C8F302AE0170A0057924D /* CheckEffect.mp3 */; };
		AB3C8F342AE0170A0057924D /* SoundManager.swift in Sources */ = {isa = PBXBuildFile; fileRef = AB3C8F312AE0170A0057924D /* SoundManager.swift */; };
		AB3C8F372AE2AB700057924D /* HomeScreenView.swift in Sources */ = {isa = PBXBuildFile; fileRef = AB3C8F362AE2AB700057924D /* HomeScreenView.swift */; };
		AB3C8F5B2AE5A55C0057924D /* HomeScreenViewController.swift in Sources */ = {isa = PBXBuildFile; fileRef = AB3C8F5A2AE5A55C0057924D /* HomeScreenViewController.swift */; };
		AB3C8F5D2AE5B6900057924D /* SettingsView.swift in Sources */ = {isa = PBXBuildFile; fileRef = AB3C8F5C2AE5B6900057924D /* SettingsView.swift */; };
		AB3C8F5F2AE5FBCE0057924D /* FrameConstants.swift in Sources */ = {isa = PBXBuildFile; fileRef = AB3C8F5E2AE5FBCD0057924D /* FrameConstants.swift */; };
		AB3C8F622AE60A1C0057924D /* CustomSettingsViewCell.swift in Sources */ = {isa = PBXBuildFile; fileRef = AB3C8F612AE60A1C0057924D /* CustomSettingsViewCell.swift */; };
		AB3C8F642AE6EF860057924D /* SettingsViewController.swift in Sources */ = {isa = PBXBuildFile; fileRef = AB3C8F632AE6EF860057924D /* SettingsViewController.swift */; };
		AB3C8F6C2AE8074B0057924D /* backgroundSound.mp3 in Resources */ = {isa = PBXBuildFile; fileRef = AB3C8F6B2AE8074B0057924D /* backgroundSound.mp3 */; };
		ABDFC8892AA61D2200F19D1A /* MenuView.swift in Sources */ = {isa = PBXBuildFile; fileRef = ABDFC8882AA61D2200F19D1A /* MenuView.swift */; };
		ABDFC88B2AA7618000F19D1A /* ContinentModel.swift in Sources */ = {isa = PBXBuildFile; fileRef = ABDFC88A2AA7618000F19D1A /* ContinentModel.swift */; };
		ABDFC88D2AA7620000F19D1A /* CountryModel.swift in Sources */ = {isa = PBXBuildFile; fileRef = ABDFC88C2AA7620000F19D1A /* CountryModel.swift */; };
		ABDFC88F2AAB4E7200F19D1A /* MenuCollectionCellView.swift in Sources */ = {isa = PBXBuildFile; fileRef = ABDFC88E2AAB4E7200F19D1A /* MenuCollectionCellView.swift */; };
		ABDFC8912AAB65DC00F19D1A /* MenuViewController.swift in Sources */ = {isa = PBXBuildFile; fileRef = ABDFC8902AAB65DC00F19D1A /* MenuViewController.swift */; };
		ABDFC8932AABF9E700F19D1A /* MenuSectionHeaderView.swift in Sources */ = {isa = PBXBuildFile; fileRef = ABDFC8922AABF9E700F19D1A /* MenuSectionHeaderView.swift */; };
		ABDFC89A2AAF447100F19D1A /* Pally-Medium.otf in Resources */ = {isa = PBXBuildFile; fileRef = ABDFC8972AAF447100F19D1A /* Pally-Medium.otf */; };
		ABDFC89B2AAF447100F19D1A /* Pally-Bold.otf in Resources */ = {isa = PBXBuildFile; fileRef = ABDFC8982AAF447100F19D1A /* Pally-Bold.otf */; };
		ABDFC89C2AAF447100F19D1A /* Pally-Regular.otf in Resources */ = {isa = PBXBuildFile; fileRef = ABDFC8992AAF447100F19D1A /* Pally-Regular.otf */; };
		ABDFC8A22AB241B400F19D1A /* UserDefaultsManager.swift in Sources */ = {isa = PBXBuildFile; fileRef = ABDFC8A12AB241B400F19D1A /* UserDefaultsManager.swift */; };
		ABDFC8A42AB2456000F19D1A /* HistoryModel.swift in Sources */ = {isa = PBXBuildFile; fileRef = ABDFC8A32AB2456000F19D1A /* HistoryModel.swift */; };
		ABDFC8A72AB47B4600F19D1A /* HistoryView.swift in Sources */ = {isa = PBXBuildFile; fileRef = ABDFC8A62AB47B4600F19D1A /* HistoryView.swift */; };
		ABDFC8A92AB47BAA00F19D1A /* HistoryViewController.swift in Sources */ = {isa = PBXBuildFile; fileRef = ABDFC8A82AB47BAA00F19D1A /* HistoryViewController.swift */; };
		EE0609272AC1A71500BCC58C /* FindImageScene.swift in Sources */ = {isa = PBXBuildFile; fileRef = EE0609262AC1A71500BCC58C /* FindImageScene.swift */; };
		EE0609292AC1A73000BCC58C /* FindImageViewController.swift in Sources */ = {isa = PBXBuildFile; fileRef = EE0609282AC1A73000BCC58C /* FindImageViewController.swift */; };
		EE06092B2AC309E500BCC58C /* MenuViewControllerExtensions.swift in Sources */ = {isa = PBXBuildFile; fileRef = EE06092A2AC309E500BCC58C /* MenuViewControllerExtensions.swift */; };
		EE06092E2AC3123A00BCC58C /* SignatureScene.swift in Sources */ = {isa = PBXBuildFile; fileRef = EE06092D2AC3123A00BCC58C /* SignatureScene.swift */; };
		EE0609302AC3124800BCC58C /* SignatureViewController.swift in Sources */ = {isa = PBXBuildFile; fileRef = EE06092F2AC3124800BCC58C /* SignatureViewController.swift */; };
		EE0609332ACE0C5E00BCC58C /* EnglandPhaseStructure.swift in Sources */ = {isa = PBXBuildFile; fileRef = EE0609322ACE0C5E00BCC58C /* EnglandPhaseStructure.swift */; };
		EE0609352ACE0E7D00BCC58C /* IntroPhaseStructure.swift in Sources */ = {isa = PBXBuildFile; fileRef = EE0609342ACE0E7D00BCC58C /* IntroPhaseStructure.swift */; };
		EE0609372ACE0F0100BCC58C /* FrancePhaseStructure.swift in Sources */ = {isa = PBXBuildFile; fileRef = EE0609362ACE0F0100BCC58C /* FrancePhaseStructure.swift */; };
		EE06093A2ACEC4AF00BCC58C /* CustomPopUpButton.swift in Sources */ = {isa = PBXBuildFile; fileRef = EE0609392ACEC4AF00BCC58C /* CustomPopUpButton.swift */; };
		EE182F6A2A9F6FDF00CE30C8 /* AppDelegate.swift in Sources */ = {isa = PBXBuildFile; fileRef = EE182F692A9F6FDF00CE30C8 /* AppDelegate.swift */; };
		EE182F6C2A9F6FDF00CE30C8 /* SceneDelegate.swift in Sources */ = {isa = PBXBuildFile; fileRef = EE182F6B2A9F6FDF00CE30C8 /* SceneDelegate.swift */; };
		EE182F732A9F6FE000CE30C8 /* Assets.xcassets in Resources */ = {isa = PBXBuildFile; fileRef = EE182F722A9F6FE000CE30C8 /* Assets.xcassets */; };
		EE182F812A9F6FE000CE30C8 /* KairaTests.swift in Sources */ = {isa = PBXBuildFile; fileRef = EE182F802A9F6FE000CE30C8 /* KairaTests.swift */; };
		EE182F8B2A9F6FE000CE30C8 /* KairaUITests.swift in Sources */ = {isa = PBXBuildFile; fileRef = EE182F8A2A9F6FE000CE30C8 /* KairaUITests.swift */; };
		EE182F8D2A9F6FE000CE30C8 /* KairaUITestsLaunchTests.swift in Sources */ = {isa = PBXBuildFile; fileRef = EE182F8C2A9F6FE000CE30C8 /* KairaUITestsLaunchTests.swift */; };
		EE77BA912AF27E52009AB571 /* PhaseStructureProtocol.swift in Sources */ = {isa = PBXBuildFile; fileRef = EE77BA902AF27E52009AB571 /* PhaseStructureProtocol.swift */; };
		EE77BA9D2AFBBC18009AB571 /* FlagScene.swift in Sources */ = {isa = PBXBuildFile; fileRef = EE77BA9C2AFBBC18009AB571 /* FlagScene.swift */; };
		EE77BA9F2AFBBC32009AB571 /* FlagViewController.swift in Sources */ = {isa = PBXBuildFile; fileRef = EE77BA9E2AFBBC32009AB571 /* FlagViewController.swift */; };
		EE77BAA12AFBC665009AB571 /* TestPhaseStruc.swift in Sources */ = {isa = PBXBuildFile; fileRef = EE77BAA02AFBC665009AB571 /* TestPhaseStruc.swift */; };
		EEC53F852ABB1B6A00B24261 /* ButtonTypeEnum.swift in Sources */ = {isa = PBXBuildFile; fileRef = EEC53F842ABB1B6A00B24261 /* ButtonTypeEnum.swift */; };
		EEC53F882ABB1D5100B24261 /* DataDelegateProtocol.swift in Sources */ = {isa = PBXBuildFile; fileRef = EEC53F872ABB1D5100B24261 /* DataDelegateProtocol.swift */; };
		EEC53F8A2ABB1ED400B24261 /* GamePhaseModel.swift in Sources */ = {isa = PBXBuildFile; fileRef = EEC53F892ABB1ED400B24261 /* GamePhaseModel.swift */; };
		EEDCA6502AE6BEE2008C0C29 /* SpainPhaseStructure.swift in Sources */ = {isa = PBXBuildFile; fileRef = EEDCA64F2AE6BEE2008C0C29 /* SpainPhaseStructure.swift */; };
		EEDCA6532AE6BF0C008C0C29 /* DragAndDropScene.swift in Sources */ = {isa = PBXBuildFile; fileRef = EEDCA6522AE6BF0C008C0C29 /* DragAndDropScene.swift */; };
		EEDCA6552AE6BF39008C0C29 /* DragAndDropViewController.swift in Sources */ = {isa = PBXBuildFile; fileRef = EEDCA6542AE6BF39008C0C29 /* DragAndDropViewController.swift */; };
/* End PBXBuildFile section */

/* Begin PBXContainerItemProxy section */
		EE182F7D2A9F6FE000CE30C8 /* PBXContainerItemProxy */ = {
			isa = PBXContainerItemProxy;
			containerPortal = EE182F5E2A9F6FDE00CE30C8 /* Project object */;
			proxyType = 1;
			remoteGlobalIDString = EE182F652A9F6FDF00CE30C8;
			remoteInfo = Kaira;
		};
		EE182F872A9F6FE000CE30C8 /* PBXContainerItemProxy */ = {
			isa = PBXContainerItemProxy;
			containerPortal = EE182F5E2A9F6FDE00CE30C8 /* Project object */;
			proxyType = 1;
			remoteGlobalIDString = EE182F652A9F6FDF00CE30C8;
			remoteInfo = Kaira;
		};
/* End PBXContainerItemProxy section */

/* Begin PBXFileReference section */
		AB3C8F252AD0BBCD0057924D /* UnlockedStampView.swift */ = {isa = PBXFileReference; lastKnownFileType = sourcecode.swift; path = UnlockedStampView.swift; sourceTree = "<group>"; };
		AB3C8F272AD0F1F30057924D /* UnlockedStampViewController.swift */ = {isa = PBXFileReference; lastKnownFileType = sourcecode.swift; path = UnlockedStampViewController.swift; sourceTree = "<group>"; };
		AB3C8F2B2AD1CC750057924D /* MenuAnimations.swift */ = {isa = PBXFileReference; lastKnownFileType = sourcecode.swift; path = MenuAnimations.swift; sourceTree = "<group>"; };
		AB3C8F2D2AD1CC970057924D /* HistoryAnimations.swift */ = {isa = PBXFileReference; lastKnownFileType = sourcecode.swift; path = HistoryAnimations.swift; sourceTree = "<group>"; };
		AB3C8F302AE0170A0057924D /* CheckEffect.mp3 */ = {isa = PBXFileReference; lastKnownFileType = audio.mp3; path = CheckEffect.mp3; sourceTree = "<group>"; };
		AB3C8F312AE0170A0057924D /* SoundManager.swift */ = {isa = PBXFileReference; fileEncoding = 4; lastKnownFileType = sourcecode.swift; path = SoundManager.swift; sourceTree = "<group>"; };
		AB3C8F362AE2AB700057924D /* HomeScreenView.swift */ = {isa = PBXFileReference; lastKnownFileType = sourcecode.swift; path = HomeScreenView.swift; sourceTree = "<group>"; };
		AB3C8F5A2AE5A55C0057924D /* HomeScreenViewController.swift */ = {isa = PBXFileReference; lastKnownFileType = sourcecode.swift; path = HomeScreenViewController.swift; sourceTree = "<group>"; };
		AB3C8F5C2AE5B6900057924D /* SettingsView.swift */ = {isa = PBXFileReference; lastKnownFileType = sourcecode.swift; path = SettingsView.swift; sourceTree = "<group>"; };
		AB3C8F5E2AE5FBCD0057924D /* FrameConstants.swift */ = {isa = PBXFileReference; lastKnownFileType = sourcecode.swift; path = FrameConstants.swift; sourceTree = "<group>"; };
		AB3C8F612AE60A1C0057924D /* CustomSettingsViewCell.swift */ = {isa = PBXFileReference; lastKnownFileType = sourcecode.swift; path = CustomSettingsViewCell.swift; sourceTree = "<group>"; };
		AB3C8F632AE6EF860057924D /* SettingsViewController.swift */ = {isa = PBXFileReference; lastKnownFileType = sourcecode.swift; path = SettingsViewController.swift; sourceTree = "<group>"; };
		AB3C8F6B2AE8074B0057924D /* backgroundSound.mp3 */ = {isa = PBXFileReference; lastKnownFileType = audio.mp3; path = backgroundSound.mp3; sourceTree = "<group>"; };
		ABDFC8882AA61D2200F19D1A /* MenuView.swift */ = {isa = PBXFileReference; lastKnownFileType = sourcecode.swift; path = MenuView.swift; sourceTree = "<group>"; };
		ABDFC88A2AA7618000F19D1A /* ContinentModel.swift */ = {isa = PBXFileReference; lastKnownFileType = sourcecode.swift; name = ContinentModel.swift; path = Kaira/ContinentModel.swift; sourceTree = SOURCE_ROOT; };
		ABDFC88C2AA7620000F19D1A /* CountryModel.swift */ = {isa = PBXFileReference; lastKnownFileType = sourcecode.swift; name = CountryModel.swift; path = Kaira/CountryModel.swift; sourceTree = SOURCE_ROOT; };
		ABDFC88E2AAB4E7200F19D1A /* MenuCollectionCellView.swift */ = {isa = PBXFileReference; lastKnownFileType = sourcecode.swift; path = MenuCollectionCellView.swift; sourceTree = "<group>"; };
		ABDFC8902AAB65DC00F19D1A /* MenuViewController.swift */ = {isa = PBXFileReference; lastKnownFileType = sourcecode.swift; path = MenuViewController.swift; sourceTree = "<group>"; };
		ABDFC8922AABF9E700F19D1A /* MenuSectionHeaderView.swift */ = {isa = PBXFileReference; lastKnownFileType = sourcecode.swift; path = MenuSectionHeaderView.swift; sourceTree = "<group>"; };
		ABDFC8972AAF447100F19D1A /* Pally-Medium.otf */ = {isa = PBXFileReference; lastKnownFileType = file; path = "Pally-Medium.otf"; sourceTree = "<group>"; };
		ABDFC8982AAF447100F19D1A /* Pally-Bold.otf */ = {isa = PBXFileReference; lastKnownFileType = file; path = "Pally-Bold.otf"; sourceTree = "<group>"; };
		ABDFC8992AAF447100F19D1A /* Pally-Regular.otf */ = {isa = PBXFileReference; lastKnownFileType = file; path = "Pally-Regular.otf"; sourceTree = "<group>"; };
		ABDFC8A12AB241B400F19D1A /* UserDefaultsManager.swift */ = {isa = PBXFileReference; lastKnownFileType = sourcecode.swift; path = UserDefaultsManager.swift; sourceTree = "<group>"; };
		ABDFC8A32AB2456000F19D1A /* HistoryModel.swift */ = {isa = PBXFileReference; lastKnownFileType = sourcecode.swift; path = HistoryModel.swift; sourceTree = "<group>"; };
		ABDFC8A62AB47B4600F19D1A /* HistoryView.swift */ = {isa = PBXFileReference; lastKnownFileType = sourcecode.swift; path = HistoryView.swift; sourceTree = "<group>"; };
		ABDFC8A82AB47BAA00F19D1A /* HistoryViewController.swift */ = {isa = PBXFileReference; lastKnownFileType = sourcecode.swift; path = HistoryViewController.swift; sourceTree = "<group>"; };
		EE0609262AC1A71500BCC58C /* FindImageScene.swift */ = {isa = PBXFileReference; lastKnownFileType = sourcecode.swift; path = FindImageScene.swift; sourceTree = "<group>"; };
		EE0609282AC1A73000BCC58C /* FindImageViewController.swift */ = {isa = PBXFileReference; lastKnownFileType = sourcecode.swift; path = FindImageViewController.swift; sourceTree = "<group>"; };
		EE06092A2AC309E500BCC58C /* MenuViewControllerExtensions.swift */ = {isa = PBXFileReference; lastKnownFileType = sourcecode.swift; name = MenuViewControllerExtensions.swift; path = Kaira/Shared/Mechanics/FindImageMechanic/MenuViewControllerExtensions.swift; sourceTree = SOURCE_ROOT; };
		EE06092D2AC3123A00BCC58C /* SignatureScene.swift */ = {isa = PBXFileReference; lastKnownFileType = sourcecode.swift; path = SignatureScene.swift; sourceTree = "<group>"; };
		EE06092F2AC3124800BCC58C /* SignatureViewController.swift */ = {isa = PBXFileReference; lastKnownFileType = sourcecode.swift; path = SignatureViewController.swift; sourceTree = "<group>"; };
		EE0609322ACE0C5E00BCC58C /* EnglandPhaseStructure.swift */ = {isa = PBXFileReference; lastKnownFileType = sourcecode.swift; path = EnglandPhaseStructure.swift; sourceTree = "<group>"; };
		EE0609342ACE0E7D00BCC58C /* IntroPhaseStructure.swift */ = {isa = PBXFileReference; lastKnownFileType = sourcecode.swift; path = IntroPhaseStructure.swift; sourceTree = "<group>"; };
		EE0609362ACE0F0100BCC58C /* FrancePhaseStructure.swift */ = {isa = PBXFileReference; lastKnownFileType = sourcecode.swift; path = FrancePhaseStructure.swift; sourceTree = "<group>"; };
		EE0609392ACEC4AF00BCC58C /* CustomPopUpButton.swift */ = {isa = PBXFileReference; lastKnownFileType = sourcecode.swift; path = CustomPopUpButton.swift; sourceTree = "<group>"; };
		EE182F662A9F6FDF00CE30C8 /* Kaira.app */ = {isa = PBXFileReference; explicitFileType = wrapper.application; includeInIndex = 0; path = Kaira.app; sourceTree = BUILT_PRODUCTS_DIR; };
		EE182F692A9F6FDF00CE30C8 /* AppDelegate.swift */ = {isa = PBXFileReference; lastKnownFileType = sourcecode.swift; path = AppDelegate.swift; sourceTree = "<group>"; };
		EE182F6B2A9F6FDF00CE30C8 /* SceneDelegate.swift */ = {isa = PBXFileReference; lastKnownFileType = sourcecode.swift; path = SceneDelegate.swift; sourceTree = "<group>"; };
		EE182F722A9F6FE000CE30C8 /* Assets.xcassets */ = {isa = PBXFileReference; lastKnownFileType = folder.assetcatalog; path = Assets.xcassets; sourceTree = "<group>"; };
		EE182F772A9F6FE000CE30C8 /* Info.plist */ = {isa = PBXFileReference; lastKnownFileType = text.plist.xml; path = Info.plist; sourceTree = "<group>"; };
		EE182F7C2A9F6FE000CE30C8 /* KairaTests.xctest */ = {isa = PBXFileReference; explicitFileType = wrapper.cfbundle; includeInIndex = 0; path = KairaTests.xctest; sourceTree = BUILT_PRODUCTS_DIR; };
		EE182F802A9F6FE000CE30C8 /* KairaTests.swift */ = {isa = PBXFileReference; lastKnownFileType = sourcecode.swift; path = KairaTests.swift; sourceTree = "<group>"; };
		EE182F862A9F6FE000CE30C8 /* KairaUITests.xctest */ = {isa = PBXFileReference; explicitFileType = wrapper.cfbundle; includeInIndex = 0; path = KairaUITests.xctest; sourceTree = BUILT_PRODUCTS_DIR; };
		EE182F8A2A9F6FE000CE30C8 /* KairaUITests.swift */ = {isa = PBXFileReference; lastKnownFileType = sourcecode.swift; path = KairaUITests.swift; sourceTree = "<group>"; };
		EE182F8C2A9F6FE000CE30C8 /* KairaUITestsLaunchTests.swift */ = {isa = PBXFileReference; lastKnownFileType = sourcecode.swift; path = KairaUITestsLaunchTests.swift; sourceTree = "<group>"; };
		EE77BA902AF27E52009AB571 /* PhaseStructureProtocol.swift */ = {isa = PBXFileReference; lastKnownFileType = sourcecode.swift; path = PhaseStructureProtocol.swift; sourceTree = "<group>"; };
		EE77BA9C2AFBBC18009AB571 /* FlagScene.swift */ = {isa = PBXFileReference; lastKnownFileType = sourcecode.swift; path = FlagScene.swift; sourceTree = "<group>"; };
		EE77BA9E2AFBBC32009AB571 /* FlagViewController.swift */ = {isa = PBXFileReference; lastKnownFileType = sourcecode.swift; path = FlagViewController.swift; sourceTree = "<group>"; };
		EE77BAA02AFBC665009AB571 /* TestPhaseStruc.swift */ = {isa = PBXFileReference; lastKnownFileType = sourcecode.swift; path = TestPhaseStruc.swift; sourceTree = "<group>"; };
		EEC53F842ABB1B6A00B24261 /* ButtonTypeEnum.swift */ = {isa = PBXFileReference; lastKnownFileType = sourcecode.swift; path = ButtonTypeEnum.swift; sourceTree = "<group>"; };
		EEC53F872ABB1D5100B24261 /* DataDelegateProtocol.swift */ = {isa = PBXFileReference; lastKnownFileType = sourcecode.swift; path = DataDelegateProtocol.swift; sourceTree = "<group>"; };
		EEC53F892ABB1ED400B24261 /* GamePhaseModel.swift */ = {isa = PBXFileReference; lastKnownFileType = sourcecode.swift; path = GamePhaseModel.swift; sourceTree = "<group>"; };
		EEDCA64F2AE6BEE2008C0C29 /* SpainPhaseStructure.swift */ = {isa = PBXFileReference; lastKnownFileType = sourcecode.swift; path = SpainPhaseStructure.swift; sourceTree = "<group>"; };
		EEDCA6522AE6BF0C008C0C29 /* DragAndDropScene.swift */ = {isa = PBXFileReference; lastKnownFileType = sourcecode.swift; path = DragAndDropScene.swift; sourceTree = "<group>"; };
		EEDCA6542AE6BF39008C0C29 /* DragAndDropViewController.swift */ = {isa = PBXFileReference; lastKnownFileType = sourcecode.swift; path = DragAndDropViewController.swift; sourceTree = "<group>"; };
/* End PBXFileReference section */

/* Begin PBXFrameworksBuildPhase section */
		EE182F632A9F6FDF00CE30C8 /* Frameworks */ = {
			isa = PBXFrameworksBuildPhase;
			buildActionMask = 2147483647;
			files = (
			);
			runOnlyForDeploymentPostprocessing = 0;
		};
		EE182F792A9F6FE000CE30C8 /* Frameworks */ = {
			isa = PBXFrameworksBuildPhase;
			buildActionMask = 2147483647;
			files = (
			);
			runOnlyForDeploymentPostprocessing = 0;
		};
		EE182F832A9F6FE000CE30C8 /* Frameworks */ = {
			isa = PBXFrameworksBuildPhase;
			buildActionMask = 2147483647;
			files = (
			);
			runOnlyForDeploymentPostprocessing = 0;
		};
/* End PBXFrameworksBuildPhase section */

/* Begin PBXGroup section */
		AB3C8F352AE017250057924D /* SoundManager */ = {
			isa = PBXGroup;
			children = (
				AB3C8F6B2AE8074B0057924D /* backgroundSound.mp3 */,
				AB3C8F302AE0170A0057924D /* CheckEffect.mp3 */,
				AB3C8F312AE0170A0057924D /* SoundManager.swift */,
			);
			path = SoundManager;
			sourceTree = "<group>";
		};
		AB3C8F602AE609560057924D /* UIComponents */ = {
			isa = PBXGroup;
			children = (
				ABDFC88E2AAB4E7200F19D1A /* MenuCollectionCellView.swift */,
				ABDFC8922AABF9E700F19D1A /* MenuSectionHeaderView.swift */,
				AB3C8F612AE60A1C0057924D /* CustomSettingsViewCell.swift */,
			);
			path = UIComponents;
			sourceTree = "<group>";
		};
		ABDFC8872AA6196E00F19D1A /* Shared */ = {
			isa = PBXGroup;
			children = (
				AB3C8F5E2AE5FBCD0057924D /* FrameConstants.swift */,
				EE0609312ACE0C4F00BCC58C /* Phases */,
				EEC53F862ABB1D4000B24261 /* Protocols */,
				EEC53F832ABB1B5500B24261 /* Enums */,
				ABDFC89D2AB232A600F19D1A /* Mechanics */,
				ABDFC8962AAF439E00F19D1A /* Font */,
			);
			path = Shared;
			sourceTree = "<group>";
		};
		ABDFC8962AAF439E00F19D1A /* Font */ = {
			isa = PBXGroup;
			children = (
				ABDFC8982AAF447100F19D1A /* Pally-Bold.otf */,
				ABDFC8972AAF447100F19D1A /* Pally-Medium.otf */,
				ABDFC8992AAF447100F19D1A /* Pally-Regular.otf */,
			);
			path = Font;
			sourceTree = "<group>";
		};
		ABDFC89D2AB232A600F19D1A /* Mechanics */ = {
			isa = PBXGroup;
			children = (
				EE77BA9B2AFBBC09009AB571 /* FlagMachanic */,
				EEDCA6512AE6BEF9008C0C29 /* DragAndDropMechanic */,
				EE06092C2AC3121200BCC58C /* SignatureMechanic */,
				EE0609252AC1A6FA00BCC58C /* FindImageMechanic */,
			);
			path = Mechanics;
			sourceTree = "<group>";
		};
		ABDFC8A02AB239D200F19D1A /* UserDefaults */ = {
			isa = PBXGroup;
			children = (
				ABDFC8A12AB241B400F19D1A /* UserDefaultsManager.swift */,
			);
			path = UserDefaults;
			sourceTree = "<group>";
		};
		EE0609252AC1A6FA00BCC58C /* FindImageMechanic */ = {
			isa = PBXGroup;
			children = (
				EE0609262AC1A71500BCC58C /* FindImageScene.swift */,
				EE0609282AC1A73000BCC58C /* FindImageViewController.swift */,
			);
			path = FindImageMechanic;
			sourceTree = "<group>";
		};
		EE06092C2AC3121200BCC58C /* SignatureMechanic */ = {
			isa = PBXGroup;
			children = (
				EE06092D2AC3123A00BCC58C /* SignatureScene.swift */,
				EE06092F2AC3124800BCC58C /* SignatureViewController.swift */,
			);
			path = SignatureMechanic;
			sourceTree = "<group>";
		};
		EE0609312ACE0C4F00BCC58C /* Phases */ = {
			isa = PBXGroup;
			children = (
				EE0609382ACEC4A100BCC58C /* CustomButton */,
				EE0609322ACE0C5E00BCC58C /* EnglandPhaseStructure.swift */,
				EE77BAA02AFBC665009AB571 /* TestPhaseStruc.swift */,
				EE0609342ACE0E7D00BCC58C /* IntroPhaseStructure.swift */,
				EE0609362ACE0F0100BCC58C /* FrancePhaseStructure.swift */,
				EEDCA64F2AE6BEE2008C0C29 /* SpainPhaseStructure.swift */,
			);
			path = Phases;
			sourceTree = "<group>";
		};
		EE0609382ACEC4A100BCC58C /* CustomButton */ = {
			isa = PBXGroup;
			children = (
				EE0609392ACEC4AF00BCC58C /* CustomPopUpButton.swift */,
			);
			path = CustomButton;
			sourceTree = "<group>";
		};
		EE182F5D2A9F6FDE00CE30C8 = {
			isa = PBXGroup;
			children = (
				EE182F682A9F6FDF00CE30C8 /* Kaira */,
				EE182F7F2A9F6FE000CE30C8 /* KairaTests */,
				EE182F892A9F6FE000CE30C8 /* KairaUITests */,
				EE182F672A9F6FDF00CE30C8 /* Products */,
			);
			sourceTree = "<group>";
		};
		EE182F672A9F6FDF00CE30C8 /* Products */ = {
			isa = PBXGroup;
			children = (
				EE182F662A9F6FDF00CE30C8 /* Kaira.app */,
				EE182F7C2A9F6FE000CE30C8 /* KairaTests.xctest */,
				EE182F862A9F6FE000CE30C8 /* KairaUITests.xctest */,
			);
			name = Products;
			sourceTree = "<group>";
		};
		EE182F682A9F6FDF00CE30C8 /* Kaira */ = {
			isa = PBXGroup;
			children = (
				ABDFC8A02AB239D200F19D1A /* UserDefaults */,
				ABDFC8872AA6196E00F19D1A /* Shared */,
				EE182F692A9F6FDF00CE30C8 /* AppDelegate.swift */,
				EE182F6B2A9F6FDF00CE30C8 /* SceneDelegate.swift */,
				EE182F9D2A9F74A300CE30C8 /* Extension */,
				EE182F9C2A9F749100CE30C8 /* Controller */,
				EE182F9B2A9F748100CE30C8 /* View */,
				EE182F9A2A9F747900CE30C8 /* Model */,
				EE182F722A9F6FE000CE30C8 /* Assets.xcassets */,
				AB3C8F352AE017250057924D /* SoundManager */,
				EE182F772A9F6FE000CE30C8 /* Info.plist */,
			);
			path = Kaira;
			sourceTree = "<group>";
		};
		EE182F7F2A9F6FE000CE30C8 /* KairaTests */ = {
			isa = PBXGroup;
			children = (
				EE182F802A9F6FE000CE30C8 /* KairaTests.swift */,
			);
			path = KairaTests;
			sourceTree = "<group>";
		};
		EE182F892A9F6FE000CE30C8 /* KairaUITests */ = {
			isa = PBXGroup;
			children = (
				EE182F8A2A9F6FE000CE30C8 /* KairaUITests.swift */,
				EE182F8C2A9F6FE000CE30C8 /* KairaUITestsLaunchTests.swift */,
			);
			path = KairaUITests;
			sourceTree = "<group>";
		};
		EE182F9A2A9F747900CE30C8 /* Model */ = {
			isa = PBXGroup;
			children = (
				ABDFC8A32AB2456000F19D1A /* HistoryModel.swift */,
				ABDFC88A2AA7618000F19D1A /* ContinentModel.swift */,
				ABDFC88C2AA7620000F19D1A /* CountryModel.swift */,
				EEC53F892ABB1ED400B24261 /* GamePhaseModel.swift */,
			);
			path = Model;
			sourceTree = "<group>";
		};
		EE182F9B2A9F748100CE30C8 /* View */ = {
			isa = PBXGroup;
			children = (
				AB3C8F602AE609560057924D /* UIComponents */,
				ABDFC8A62AB47B4600F19D1A /* HistoryView.swift */,
				ABDFC8882AA61D2200F19D1A /* MenuView.swift */,
				AB3C8F252AD0BBCD0057924D /* UnlockedStampView.swift */,
				AB3C8F362AE2AB700057924D /* HomeScreenView.swift */,
				AB3C8F5C2AE5B6900057924D /* SettingsView.swift */,
			);
			path = View;
			sourceTree = "<group>";
		};
		EE182F9C2A9F749100CE30C8 /* Controller */ = {
			isa = PBXGroup;
			children = (
				ABDFC8A82AB47BAA00F19D1A /* HistoryViewController.swift */,
				ABDFC8902AAB65DC00F19D1A /* MenuViewController.swift */,
				AB3C8F272AD0F1F30057924D /* UnlockedStampViewController.swift */,
				AB3C8F5A2AE5A55C0057924D /* HomeScreenViewController.swift */,
				AB3C8F632AE6EF860057924D /* SettingsViewController.swift */,
			);
			path = Controller;
			sourceTree = "<group>";
		};
		EE182F9D2A9F74A300CE30C8 /* Extension */ = {
			isa = PBXGroup;
			children = (
				AB3C8F2D2AD1CC970057924D /* HistoryAnimations.swift */,
				AB3C8F2B2AD1CC750057924D /* MenuAnimations.swift */,
				EE06092A2AC309E500BCC58C /* MenuViewControllerExtensions.swift */,
			);
			path = Extension;
			sourceTree = "<group>";
		};
		EE77BA9B2AFBBC09009AB571 /* FlagMachanic */ = {
			isa = PBXGroup;
			children = (
				EE77BA9C2AFBBC18009AB571 /* FlagScene.swift */,
				EE77BA9E2AFBBC32009AB571 /* FlagViewController.swift */,
			);
			path = FlagMachanic;
			sourceTree = "<group>";
		};
		EEC53F832ABB1B5500B24261 /* Enums */ = {
			isa = PBXGroup;
			children = (
				EEC53F842ABB1B6A00B24261 /* ButtonTypeEnum.swift */,
			);
			path = Enums;
			sourceTree = "<group>";
		};
		EEC53F862ABB1D4000B24261 /* Protocols */ = {
			isa = PBXGroup;
			children = (
				EEC53F872ABB1D5100B24261 /* DataDelegateProtocol.swift */,
				EE77BA902AF27E52009AB571 /* PhaseStructureProtocol.swift */,
			);
			path = Protocols;
			sourceTree = "<group>";
		};
		EEDCA6512AE6BEF9008C0C29 /* DragAndDropMechanic */ = {
			isa = PBXGroup;
			children = (
				EEDCA6522AE6BF0C008C0C29 /* DragAndDropScene.swift */,
				EEDCA6542AE6BF39008C0C29 /* DragAndDropViewController.swift */,
			);
			path = DragAndDropMechanic;
			sourceTree = "<group>";
		};
/* End PBXGroup section */

/* Begin PBXNativeTarget section */
		EE182F652A9F6FDF00CE30C8 /* Kaira */ = {
			isa = PBXNativeTarget;
			buildConfigurationList = EE182F902A9F6FE000CE30C8 /* Build configuration list for PBXNativeTarget "Kaira" */;
			buildPhases = (
				EE182F622A9F6FDF00CE30C8 /* Sources */,
				EE182F632A9F6FDF00CE30C8 /* Frameworks */,
				EE182F642A9F6FDF00CE30C8 /* Resources */,
				EE182F992A9F735C00CE30C8 /* ShellScript */,
			);
			buildRules = (
			);
			dependencies = (
			);
			name = Kaira;
			productName = Kaira;
			productReference = EE182F662A9F6FDF00CE30C8 /* Kaira.app */;
			productType = "com.apple.product-type.application";
		};
		EE182F7B2A9F6FE000CE30C8 /* KairaTests */ = {
			isa = PBXNativeTarget;
			buildConfigurationList = EE182F932A9F6FE000CE30C8 /* Build configuration list for PBXNativeTarget "KairaTests" */;
			buildPhases = (
				EE182F782A9F6FE000CE30C8 /* Sources */,
				EE182F792A9F6FE000CE30C8 /* Frameworks */,
				EE182F7A2A9F6FE000CE30C8 /* Resources */,
			);
			buildRules = (
			);
			dependencies = (
				EE182F7E2A9F6FE000CE30C8 /* PBXTargetDependency */,
			);
			name = KairaTests;
			productName = KairaTests;
			productReference = EE182F7C2A9F6FE000CE30C8 /* KairaTests.xctest */;
			productType = "com.apple.product-type.bundle.unit-test";
		};
		EE182F852A9F6FE000CE30C8 /* KairaUITests */ = {
			isa = PBXNativeTarget;
			buildConfigurationList = EE182F962A9F6FE000CE30C8 /* Build configuration list for PBXNativeTarget "KairaUITests" */;
			buildPhases = (
				EE182F822A9F6FE000CE30C8 /* Sources */,
				EE182F832A9F6FE000CE30C8 /* Frameworks */,
				EE182F842A9F6FE000CE30C8 /* Resources */,
			);
			buildRules = (
			);
			dependencies = (
				EE182F882A9F6FE000CE30C8 /* PBXTargetDependency */,
			);
			name = KairaUITests;
			productName = KairaUITests;
			productReference = EE182F862A9F6FE000CE30C8 /* KairaUITests.xctest */;
			productType = "com.apple.product-type.bundle.ui-testing";
		};
/* End PBXNativeTarget section */

/* Begin PBXProject section */
		EE182F5E2A9F6FDE00CE30C8 /* Project object */ = {
			isa = PBXProject;
			attributes = {
				BuildIndependentTargetsInParallel = 1;
				LastSwiftUpdateCheck = 1430;
				LastUpgradeCheck = 1430;
				TargetAttributes = {
					EE182F652A9F6FDF00CE30C8 = {
						CreatedOnToolsVersion = 14.3.1;
					};
					EE182F7B2A9F6FE000CE30C8 = {
						CreatedOnToolsVersion = 14.3.1;
						TestTargetID = EE182F652A9F6FDF00CE30C8;
					};
					EE182F852A9F6FE000CE30C8 = {
						CreatedOnToolsVersion = 14.3.1;
						TestTargetID = EE182F652A9F6FDF00CE30C8;
					};
				};
			};
			buildConfigurationList = EE182F612A9F6FDE00CE30C8 /* Build configuration list for PBXProject "Kaira" */;
			compatibilityVersion = "Xcode 14.0";
			developmentRegion = en;
			hasScannedForEncodings = 0;
			knownRegions = (
				en,
				Base,
			);
			mainGroup = EE182F5D2A9F6FDE00CE30C8;
			productRefGroup = EE182F672A9F6FDF00CE30C8 /* Products */;
			projectDirPath = "";
			projectRoot = "";
			targets = (
				EE182F652A9F6FDF00CE30C8 /* Kaira */,
				EE182F7B2A9F6FE000CE30C8 /* KairaTests */,
				EE182F852A9F6FE000CE30C8 /* KairaUITests */,
			);
		};
/* End PBXProject section */

/* Begin PBXResourcesBuildPhase section */
		EE182F642A9F6FDF00CE30C8 /* Resources */ = {
			isa = PBXResourcesBuildPhase;
			buildActionMask = 2147483647;
			files = (
				ABDFC89C2AAF447100F19D1A /* Pally-Regular.otf in Resources */,
				ABDFC89B2AAF447100F19D1A /* Pally-Bold.otf in Resources */,
				ABDFC89A2AAF447100F19D1A /* Pally-Medium.otf in Resources */,
				AB3C8F6C2AE8074B0057924D /* backgroundSound.mp3 in Resources */,
				AB3C8F332AE0170A0057924D /* CheckEffect.mp3 in Resources */,
				EE182F732A9F6FE000CE30C8 /* Assets.xcassets in Resources */,
			);
			runOnlyForDeploymentPostprocessing = 0;
		};
		EE182F7A2A9F6FE000CE30C8 /* Resources */ = {
			isa = PBXResourcesBuildPhase;
			buildActionMask = 2147483647;
			files = (
			);
			runOnlyForDeploymentPostprocessing = 0;
		};
		EE182F842A9F6FE000CE30C8 /* Resources */ = {
			isa = PBXResourcesBuildPhase;
			buildActionMask = 2147483647;
			files = (
			);
			runOnlyForDeploymentPostprocessing = 0;
		};
/* End PBXResourcesBuildPhase section */

/* Begin PBXShellScriptBuildPhase section */
		EE182F992A9F735C00CE30C8 /* ShellScript */ = {
			isa = PBXShellScriptBuildPhase;
			alwaysOutOfDate = 1;
			buildActionMask = 2147483647;
			files = (
			);
			inputFileListPaths = (
			);
			inputPaths = (
			);
			outputFileListPaths = (
			);
			outputPaths = (
			);
			runOnlyForDeploymentPostprocessing = 0;
			shellPath = /bin/sh;
			shellScript = "# Type a script or drag a script file from your workspace to insert its path.\nexport PATH=\"$PATH:/opt/homebrew/bin\"\nif which swiftlint >/dev/null; then\nswiftlint\nelse\necho \"warning: Swiftlint not installed, download from https://github.com/realm/SwiftLint\"\nfi\n";
		};
/* End PBXShellScriptBuildPhase section */

/* Begin PBXSourcesBuildPhase section */
		EE182F622A9F6FDF00CE30C8 /* Sources */ = {
			isa = PBXSourcesBuildPhase;
			buildActionMask = 2147483647;
			files = (
				ABDFC88B2AA7618000F19D1A /* ContinentModel.swift in Sources */,
				ABDFC8912AAB65DC00F19D1A /* MenuViewController.swift in Sources */,
				EEC53F8A2ABB1ED400B24261 /* GamePhaseModel.swift in Sources */,
				AB3C8F342AE0170A0057924D /* SoundManager.swift in Sources */,
				EEC53F882ABB1D5100B24261 /* DataDelegateProtocol.swift in Sources */,
				AB3C8F642AE6EF860057924D /* SettingsViewController.swift in Sources */,
				ABDFC88F2AAB4E7200F19D1A /* MenuCollectionCellView.swift in Sources */,
				EE77BAA12AFBC665009AB571 /* TestPhaseStruc.swift in Sources */,
				AB3C8F282AD0F1F30057924D /* UnlockedStampViewController.swift in Sources */,
				EE06092E2AC3123A00BCC58C /* SignatureScene.swift in Sources */,
				EE0609372ACE0F0100BCC58C /* FrancePhaseStructure.swift in Sources */,
				EE77BA9F2AFBBC32009AB571 /* FlagViewController.swift in Sources */,
				AB3C8F2C2AD1CC750057924D /* MenuAnimations.swift in Sources */,
				AB3C8F5B2AE5A55C0057924D /* HomeScreenViewController.swift in Sources */,
				EEC53F852ABB1B6A00B24261 /* ButtonTypeEnum.swift in Sources */,
				EE0609352ACE0E7D00BCC58C /* IntroPhaseStructure.swift in Sources */,
				AB3C8F262AD0BBCD0057924D /* UnlockedStampView.swift in Sources */,
				ABDFC88D2AA7620000F19D1A /* CountryModel.swift in Sources */,
				EE0609302AC3124800BCC58C /* SignatureViewController.swift in Sources */,
				AB3C8F622AE60A1C0057924D /* CustomSettingsViewCell.swift in Sources */,
				EE77BA9D2AFBBC18009AB571 /* FlagScene.swift in Sources */,
				ABDFC8932AABF9E700F19D1A /* MenuSectionHeaderView.swift in Sources */,
				EE06092B2AC309E500BCC58C /* MenuViewControllerExtensions.swift in Sources */,
				EE0609292AC1A73000BCC58C /* FindImageViewController.swift in Sources */,
				EEDCA6502AE6BEE2008C0C29 /* SpainPhaseStructure.swift in Sources */,
				EE0609332ACE0C5E00BCC58C /* EnglandPhaseStructure.swift in Sources */,
				EE182F6A2A9F6FDF00CE30C8 /* AppDelegate.swift in Sources */,
				AB3C8F2E2AD1CC970057924D /* HistoryAnimations.swift in Sources */,
				ABDFC8892AA61D2200F19D1A /* MenuView.swift in Sources */,
				EEDCA6532AE6BF0C008C0C29 /* DragAndDropScene.swift in Sources */,
				AB3C8F5F2AE5FBCE0057924D /* FrameConstants.swift in Sources */,
				EE0609272AC1A71500BCC58C /* FindImageScene.swift in Sources */,
				ABDFC8A72AB47B4600F19D1A /* HistoryView.swift in Sources */,
				EEDCA6552AE6BF39008C0C29 /* DragAndDropViewController.swift in Sources */,
				AB3C8F5D2AE5B6900057924D /* SettingsView.swift in Sources */,
				ABDFC8A22AB241B400F19D1A /* UserDefaultsManager.swift in Sources */,
				ABDFC8A42AB2456000F19D1A /* HistoryModel.swift in Sources */,
				EE77BA912AF27E52009AB571 /* PhaseStructureProtocol.swift in Sources */,
				EE06093A2ACEC4AF00BCC58C /* CustomPopUpButton.swift in Sources */,
				AB3C8F372AE2AB700057924D /* HomeScreenView.swift in Sources */,
				EE182F6C2A9F6FDF00CE30C8 /* SceneDelegate.swift in Sources */,
				ABDFC8A92AB47BAA00F19D1A /* HistoryViewController.swift in Sources */,
			);
			runOnlyForDeploymentPostprocessing = 0;
		};
		EE182F782A9F6FE000CE30C8 /* Sources */ = {
			isa = PBXSourcesBuildPhase;
			buildActionMask = 2147483647;
			files = (
				EE182F812A9F6FE000CE30C8 /* KairaTests.swift in Sources */,
			);
			runOnlyForDeploymentPostprocessing = 0;
		};
		EE182F822A9F6FE000CE30C8 /* Sources */ = {
			isa = PBXSourcesBuildPhase;
			buildActionMask = 2147483647;
			files = (
				EE182F8B2A9F6FE000CE30C8 /* KairaUITests.swift in Sources */,
				EE182F8D2A9F6FE000CE30C8 /* KairaUITestsLaunchTests.swift in Sources */,
			);
			runOnlyForDeploymentPostprocessing = 0;
		};
/* End PBXSourcesBuildPhase section */

/* Begin PBXTargetDependency section */
		EE182F7E2A9F6FE000CE30C8 /* PBXTargetDependency */ = {
			isa = PBXTargetDependency;
			target = EE182F652A9F6FDF00CE30C8 /* Kaira */;
			targetProxy = EE182F7D2A9F6FE000CE30C8 /* PBXContainerItemProxy */;
		};
		EE182F882A9F6FE000CE30C8 /* PBXTargetDependency */ = {
			isa = PBXTargetDependency;
			target = EE182F652A9F6FDF00CE30C8 /* Kaira */;
			targetProxy = EE182F872A9F6FE000CE30C8 /* PBXContainerItemProxy */;
		};
/* End PBXTargetDependency section */

/* Begin XCBuildConfiguration section */
		EE182F8E2A9F6FE000CE30C8 /* Debug */ = {
			isa = XCBuildConfiguration;
			buildSettings = {
				ALWAYS_SEARCH_USER_PATHS = NO;
				CLANG_ANALYZER_NONNULL = YES;
				CLANG_ANALYZER_NUMBER_OBJECT_CONVERSION = YES_AGGRESSIVE;
				CLANG_CXX_LANGUAGE_STANDARD = "gnu++20";
				CLANG_ENABLE_MODULES = YES;
				CLANG_ENABLE_OBJC_ARC = YES;
				CLANG_ENABLE_OBJC_WEAK = YES;
				CLANG_WARN_BLOCK_CAPTURE_AUTORELEASING = YES;
				CLANG_WARN_BOOL_CONVERSION = YES;
				CLANG_WARN_COMMA = YES;
				CLANG_WARN_CONSTANT_CONVERSION = YES;
				CLANG_WARN_DEPRECATED_OBJC_IMPLEMENTATIONS = YES;
				CLANG_WARN_DIRECT_OBJC_ISA_USAGE = YES_ERROR;
				CLANG_WARN_DOCUMENTATION_COMMENTS = YES;
				CLANG_WARN_EMPTY_BODY = YES;
				CLANG_WARN_ENUM_CONVERSION = YES;
				CLANG_WARN_INFINITE_RECURSION = YES;
				CLANG_WARN_INT_CONVERSION = YES;
				CLANG_WARN_NON_LITERAL_NULL_CONVERSION = YES;
				CLANG_WARN_OBJC_IMPLICIT_RETAIN_SELF = YES;
				CLANG_WARN_OBJC_LITERAL_CONVERSION = YES;
				CLANG_WARN_OBJC_ROOT_CLASS = YES_ERROR;
				CLANG_WARN_QUOTED_INCLUDE_IN_FRAMEWORK_HEADER = YES;
				CLANG_WARN_RANGE_LOOP_ANALYSIS = YES;
				CLANG_WARN_STRICT_PROTOTYPES = YES;
				CLANG_WARN_SUSPICIOUS_MOVE = YES;
				CLANG_WARN_UNGUARDED_AVAILABILITY = YES_AGGRESSIVE;
				CLANG_WARN_UNREACHABLE_CODE = YES;
				CLANG_WARN__DUPLICATE_METHOD_MATCH = YES;
				COPY_PHASE_STRIP = NO;
				DEBUG_INFORMATION_FORMAT = dwarf;
				ENABLE_STRICT_OBJC_MSGSEND = YES;
				ENABLE_TESTABILITY = YES;
				GCC_C_LANGUAGE_STANDARD = gnu11;
				GCC_DYNAMIC_NO_PIC = NO;
				GCC_NO_COMMON_BLOCKS = YES;
				GCC_OPTIMIZATION_LEVEL = 0;
				GCC_PREPROCESSOR_DEFINITIONS = (
					"DEBUG=1",
					"$(inherited)",
				);
				GCC_WARN_64_TO_32_BIT_CONVERSION = YES;
				GCC_WARN_ABOUT_RETURN_TYPE = YES_ERROR;
				GCC_WARN_UNDECLARED_SELECTOR = YES;
				GCC_WARN_UNINITIALIZED_AUTOS = YES_AGGRESSIVE;
				GCC_WARN_UNUSED_FUNCTION = YES;
				GCC_WARN_UNUSED_VARIABLE = YES;
				IPHONEOS_DEPLOYMENT_TARGET = 16.4;
				MTL_ENABLE_DEBUG_INFO = INCLUDE_SOURCE;
				MTL_FAST_MATH = YES;
				ONLY_ACTIVE_ARCH = YES;
				SDKROOT = iphoneos;
				SWIFT_ACTIVE_COMPILATION_CONDITIONS = DEBUG;
				SWIFT_OPTIMIZATION_LEVEL = "-Onone";
			};
			name = Debug;
		};
		EE182F8F2A9F6FE000CE30C8 /* Release */ = {
			isa = XCBuildConfiguration;
			buildSettings = {
				ALWAYS_SEARCH_USER_PATHS = NO;
				CLANG_ANALYZER_NONNULL = YES;
				CLANG_ANALYZER_NUMBER_OBJECT_CONVERSION = YES_AGGRESSIVE;
				CLANG_CXX_LANGUAGE_STANDARD = "gnu++20";
				CLANG_ENABLE_MODULES = YES;
				CLANG_ENABLE_OBJC_ARC = YES;
				CLANG_ENABLE_OBJC_WEAK = YES;
				CLANG_WARN_BLOCK_CAPTURE_AUTORELEASING = YES;
				CLANG_WARN_BOOL_CONVERSION = YES;
				CLANG_WARN_COMMA = YES;
				CLANG_WARN_CONSTANT_CONVERSION = YES;
				CLANG_WARN_DEPRECATED_OBJC_IMPLEMENTATIONS = YES;
				CLANG_WARN_DIRECT_OBJC_ISA_USAGE = YES_ERROR;
				CLANG_WARN_DOCUMENTATION_COMMENTS = YES;
				CLANG_WARN_EMPTY_BODY = YES;
				CLANG_WARN_ENUM_CONVERSION = YES;
				CLANG_WARN_INFINITE_RECURSION = YES;
				CLANG_WARN_INT_CONVERSION = YES;
				CLANG_WARN_NON_LITERAL_NULL_CONVERSION = YES;
				CLANG_WARN_OBJC_IMPLICIT_RETAIN_SELF = YES;
				CLANG_WARN_OBJC_LITERAL_CONVERSION = YES;
				CLANG_WARN_OBJC_ROOT_CLASS = YES_ERROR;
				CLANG_WARN_QUOTED_INCLUDE_IN_FRAMEWORK_HEADER = YES;
				CLANG_WARN_RANGE_LOOP_ANALYSIS = YES;
				CLANG_WARN_STRICT_PROTOTYPES = YES;
				CLANG_WARN_SUSPICIOUS_MOVE = YES;
				CLANG_WARN_UNGUARDED_AVAILABILITY = YES_AGGRESSIVE;
				CLANG_WARN_UNREACHABLE_CODE = YES;
				CLANG_WARN__DUPLICATE_METHOD_MATCH = YES;
				COPY_PHASE_STRIP = NO;
				DEBUG_INFORMATION_FORMAT = "dwarf-with-dsym";
				ENABLE_NS_ASSERTIONS = NO;
				ENABLE_STRICT_OBJC_MSGSEND = YES;
				GCC_C_LANGUAGE_STANDARD = gnu11;
				GCC_NO_COMMON_BLOCKS = YES;
				GCC_WARN_64_TO_32_BIT_CONVERSION = YES;
				GCC_WARN_ABOUT_RETURN_TYPE = YES_ERROR;
				GCC_WARN_UNDECLARED_SELECTOR = YES;
				GCC_WARN_UNINITIALIZED_AUTOS = YES_AGGRESSIVE;
				GCC_WARN_UNUSED_FUNCTION = YES;
				GCC_WARN_UNUSED_VARIABLE = YES;
				IPHONEOS_DEPLOYMENT_TARGET = 16.4;
				MTL_ENABLE_DEBUG_INFO = NO;
				MTL_FAST_MATH = YES;
				SDKROOT = iphoneos;
				SWIFT_COMPILATION_MODE = wholemodule;
				SWIFT_OPTIMIZATION_LEVEL = "-O";
				VALIDATE_PRODUCT = YES;
			};
			name = Release;
		};
		EE182F912A9F6FE000CE30C8 /* Debug */ = {
			isa = XCBuildConfiguration;
			buildSettings = {
				ASSETCATALOG_COMPILER_APPICON_NAME = AppIcon;
				ASSETCATALOG_COMPILER_GLOBAL_ACCENT_COLOR_NAME = AccentColor;
				CODE_SIGN_STYLE = Automatic;
				CURRENT_PROJECT_VERSION = 1;
				DEVELOPMENT_TEAM = MXSWN6Q9F5;
				GENERATE_INFOPLIST_FILE = YES;
				INFOPLIST_FILE = Kaira/Info.plist;
				INFOPLIST_KEY_UIApplicationSupportsIndirectInputEvents = YES;
				INFOPLIST_KEY_UILaunchStoryboardName = LaunchScreen;
				INFOPLIST_KEY_UIMainStoryboardFile = "";
				INFOPLIST_KEY_UIRequiresFullScreen = YES;
				INFOPLIST_KEY_UISupportedInterfaceOrientations = UIInterfaceOrientationPortrait;
				IPHONEOS_DEPLOYMENT_TARGET = 16.0;
				LD_RUNPATH_SEARCH_PATHS = (
					"$(inherited)",
					"@executable_path/Frameworks",
				);
				MARKETING_VERSION = 1.1;
				PRODUCT_BUNDLE_IDENTIFIER = FinalChallengeApp.Kaira;
				PRODUCT_NAME = "$(TARGET_NAME)";
				SUPPORTED_PLATFORMS = "iphoneos iphonesimulator";
				SUPPORTS_MACCATALYST = NO;
				SUPPORTS_MAC_DESIGNED_FOR_IPHONE_IPAD = NO;
				SWIFT_EMIT_LOC_STRINGS = YES;
				SWIFT_VERSION = 5.0;
				TARGETED_DEVICE_FAMILY = "1,2";
			};
			name = Debug;
		};
		EE182F922A9F6FE000CE30C8 /* Release */ = {
			isa = XCBuildConfiguration;
			buildSettings = {
				ASSETCATALOG_COMPILER_APPICON_NAME = AppIcon;
				ASSETCATALOG_COMPILER_GLOBAL_ACCENT_COLOR_NAME = AccentColor;
				CODE_SIGN_STYLE = Automatic;
				CURRENT_PROJECT_VERSION = 1;
				DEVELOPMENT_TEAM = MXSWN6Q9F5;
				GENERATE_INFOPLIST_FILE = YES;
				INFOPLIST_FILE = Kaira/Info.plist;
				INFOPLIST_KEY_UIApplicationSupportsIndirectInputEvents = YES;
				INFOPLIST_KEY_UILaunchStoryboardName = LaunchScreen;
				INFOPLIST_KEY_UIMainStoryboardFile = "";
				INFOPLIST_KEY_UIRequiresFullScreen = YES;
				INFOPLIST_KEY_UISupportedInterfaceOrientations = UIInterfaceOrientationPortrait;
				IPHONEOS_DEPLOYMENT_TARGET = 16.0;
				LD_RUNPATH_SEARCH_PATHS = (
					"$(inherited)",
					"@executable_path/Frameworks",
				);
				MARKETING_VERSION = 1.1;
				PRODUCT_BUNDLE_IDENTIFIER = FinalChallengeApp.Kaira;
				PRODUCT_NAME = "$(TARGET_NAME)";
				SUPPORTED_PLATFORMS = "iphoneos iphonesimulator";
				SUPPORTS_MACCATALYST = NO;
				SUPPORTS_MAC_DESIGNED_FOR_IPHONE_IPAD = NO;
				SWIFT_EMIT_LOC_STRINGS = YES;
				SWIFT_VERSION = 5.0;
				TARGETED_DEVICE_FAMILY = "1,2";
			};
			name = Release;
		};
		EE182F942A9F6FE000CE30C8 /* Debug */ = {
			isa = XCBuildConfiguration;
			buildSettings = {
				ALWAYS_EMBED_SWIFT_STANDARD_LIBRARIES = YES;
				BUNDLE_LOADER = "$(TEST_HOST)";
				CODE_SIGN_STYLE = Automatic;
				CURRENT_PROJECT_VERSION = 1;
				DEVELOPMENT_TEAM = MXSWN6Q9F5;
				GENERATE_INFOPLIST_FILE = YES;
				IPHONEOS_DEPLOYMENT_TARGET = 16.4;
				MARKETING_VERSION = 1.0;
				PRODUCT_BUNDLE_IDENTIFIER = FinalChallengeApp.KairaTests;
				PRODUCT_NAME = "$(TARGET_NAME)";
				SWIFT_EMIT_LOC_STRINGS = NO;
				SWIFT_VERSION = 5.0;
				TARGETED_DEVICE_FAMILY = "1,2";
				TEST_HOST = "$(BUILT_PRODUCTS_DIR)/Kaira.app/$(BUNDLE_EXECUTABLE_FOLDER_PATH)/Kaira";
			};
			name = Debug;
		};
		EE182F952A9F6FE000CE30C8 /* Release */ = {
			isa = XCBuildConfiguration;
			buildSettings = {
				ALWAYS_EMBED_SWIFT_STANDARD_LIBRARIES = YES;
				BUNDLE_LOADER = "$(TEST_HOST)";
				CODE_SIGN_STYLE = Automatic;
				CURRENT_PROJECT_VERSION = 1;
				DEVELOPMENT_TEAM = MXSWN6Q9F5;
				GENERATE_INFOPLIST_FILE = YES;
				IPHONEOS_DEPLOYMENT_TARGET = 16.4;
				MARKETING_VERSION = 1.0;
				PRODUCT_BUNDLE_IDENTIFIER = FinalChallengeApp.KairaTests;
				PRODUCT_NAME = "$(TARGET_NAME)";
				SWIFT_EMIT_LOC_STRINGS = NO;
				SWIFT_VERSION = 5.0;
				TARGETED_DEVICE_FAMILY = "1,2";
				TEST_HOST = "$(BUILT_PRODUCTS_DIR)/Kaira.app/$(BUNDLE_EXECUTABLE_FOLDER_PATH)/Kaira";
			};
			name = Release;
		};
		EE182F972A9F6FE000CE30C8 /* Debug */ = {
			isa = XCBuildConfiguration;
			buildSettings = {
				ALWAYS_EMBED_SWIFT_STANDARD_LIBRARIES = YES;
				CODE_SIGN_STYLE = Automatic;
				CURRENT_PROJECT_VERSION = 1;
				DEVELOPMENT_TEAM = MXSWN6Q9F5;
				GENERATE_INFOPLIST_FILE = YES;
				MARKETING_VERSION = 1.0;
				PRODUCT_BUNDLE_IDENTIFIER = FinalChallengeApp.KairaUITests;
				PRODUCT_NAME = "$(TARGET_NAME)";
				SWIFT_EMIT_LOC_STRINGS = NO;
				SWIFT_VERSION = 5.0;
				TARGETED_DEVICE_FAMILY = "1,2";
				TEST_TARGET_NAME = Kaira;
			};
			name = Debug;
		};
		EE182F982A9F6FE000CE30C8 /* Release */ = {
			isa = XCBuildConfiguration;
			buildSettings = {
				ALWAYS_EMBED_SWIFT_STANDARD_LIBRARIES = YES;
				CODE_SIGN_STYLE = Automatic;
				CURRENT_PROJECT_VERSION = 1;
				DEVELOPMENT_TEAM = MXSWN6Q9F5;
				GENERATE_INFOPLIST_FILE = YES;
				MARKETING_VERSION = 1.0;
				PRODUCT_BUNDLE_IDENTIFIER = FinalChallengeApp.KairaUITests;
				PRODUCT_NAME = "$(TARGET_NAME)";
				SWIFT_EMIT_LOC_STRINGS = NO;
				SWIFT_VERSION = 5.0;
				TARGETED_DEVICE_FAMILY = "1,2";
				TEST_TARGET_NAME = Kaira;
			};
			name = Release;
		};
/* End XCBuildConfiguration section */

/* Begin XCConfigurationList section */
		EE182F612A9F6FDE00CE30C8 /* Build configuration list for PBXProject "Kaira" */ = {
			isa = XCConfigurationList;
			buildConfigurations = (
				EE182F8E2A9F6FE000CE30C8 /* Debug */,
				EE182F8F2A9F6FE000CE30C8 /* Release */,
			);
			defaultConfigurationIsVisible = 0;
			defaultConfigurationName = Release;
		};
		EE182F902A9F6FE000CE30C8 /* Build configuration list for PBXNativeTarget "Kaira" */ = {
			isa = XCConfigurationList;
			buildConfigurations = (
				EE182F912A9F6FE000CE30C8 /* Debug */,
				EE182F922A9F6FE000CE30C8 /* Release */,
			);
			defaultConfigurationIsVisible = 0;
			defaultConfigurationName = Release;
		};
		EE182F932A9F6FE000CE30C8 /* Build configuration list for PBXNativeTarget "KairaTests" */ = {
			isa = XCConfigurationList;
			buildConfigurations = (
				EE182F942A9F6FE000CE30C8 /* Debug */,
				EE182F952A9F6FE000CE30C8 /* Release */,
			);
			defaultConfigurationIsVisible = 0;
			defaultConfigurationName = Release;
		};
		EE182F962A9F6FE000CE30C8 /* Build configuration list for PBXNativeTarget "KairaUITests" */ = {
			isa = XCConfigurationList;
			buildConfigurations = (
				EE182F972A9F6FE000CE30C8 /* Debug */,
				EE182F982A9F6FE000CE30C8 /* Release */,
			);
			defaultConfigurationIsVisible = 0;
			defaultConfigurationName = Release;
		};
/* End XCConfigurationList section */
	};
	rootObject = EE182F5E2A9F6FDE00CE30C8 /* Project object */;
}
